
Microsoft Visual Studio Solution File, Format Version 12.00
# Visual Studio Version 17
VisualStudioVersion = 17.2.32630.192
MinimumVisualStudioVersion = 10.0.40219.1
Project("{9A19103F-16F7-4668-BE54-9A1E7A4F7556}") = "RLHerrera.AppModelo.Site", "src\RLHerrera.AppModelo.Site\RLHerrera.AppModelo.Site.csproj", "{4CE38D7C-5659-474A-A7E7-BA2F8C93D6A9}"
EndProject
Global
	GlobalSection(SolutionConfigurationPlatforms) = preSolution
		Debug|Any CPU = Debug|Any CPU
		Release|Any CPU = Release|Any CPU
	EndGlobalSection
	GlobalSection(ProjectConfigurationPlatforms) = postSolution
		{4CE38D7C-5659-474A-A7E7-BA2F8C93D6A9}.Debug|Any CPU.ActiveCfg = Debug|Any CPU
		{4CE38D7C-5659-474A-A7E7-BA2F8C93D6A9}.Debug|Any CPU.Build.0 = Debug|Any CPU
		{4CE38D7C-5659-474A-A7E7-BA2F8C93D6A9}.Release|Any CPU.ActiveCfg = Release|Any CPU
		{4CE38D7C-5659-474A-A7E7-BA2F8C93D6A9}.Release|Any CPU.Build.0 = Release|Any CPU
	EndGlobalSection
	GlobalSection(SolutionProperties) = preSolution
		HideSolutionNode = FALSE
	EndGlobalSection
	GlobalSection(ExtensibilityGlobals) = postSolution
		SolutionGuid = {2570C466-722A-44A3-8DE2-172C277C5F97}
	EndGlobalSection
EndGlobal
